
Microsoft Visual Studio Solution File, Format Version 12.00
# Visual Studio Version 16
VisualStudioVersion = 16.0.29905.134
MinimumVisualStudioVersion = 10.0.40219.1
Project("{FAE04EC0-301F-11D3-BF4B-00C04F79EFBC}") = "El8i R7lti", "Uber\El8i R7lti.csproj", "{A5263F77-79A0-455A-ACDA-AF3DC1C38308}"
EndProject
Global
	GlobalSection(SolutionConfigurationPlatforms) = preSolution
		Debug|Any CPU = Debug|Any CPU
		Release|Any CPU = Release|Any CPU
	EndGlobalSection
	GlobalSection(ProjectConfigurationPlatforms) = postSolution
		{A5263F77-79A0-455A-ACDA-AF3DC1C38308}.Debug|Any CPU.ActiveCfg = Debug|Any CPU
		{A5263F77-79A0-455A-ACDA-AF3DC1C38308}.Debug|Any CPU.Build.0 = Debug|Any CPU
		{A5263F77-79A0-455A-ACDA-AF3DC1C38308}.Release|Any CPU.ActiveCfg = Release|Any CPU
		{A5263F77-79A0-455A-ACDA-AF3DC1C38308}.Release|Any CPU.Build.0 = Release|Any CPU
	EndGlobalSection
	GlobalSection(SolutionProperties) = preSolution
		HideSolutionNode = FALSE
	EndGlobalSection
	GlobalSection(ExtensibilityGlobals) = postSolution
		SolutionGuid = {0FC20AB0-141F-446A-8727-8FAA5BE68AC4}
	EndGlobalSection
EndGlobal
